
Microsoft Visual Studio Solution File, Format Version 12.00
Project("{FAE04EC0-301F-11D3-BF4B-00C04F79EFBC}") = "Mongo_Net7_Demo", "Mongo_Net7_Demo\Mongo_Net7_Demo.csproj", "{6A018F50-379B-42E6-923F-BC724C84E627}"
EndProject
Global
	GlobalSection(SolutionConfigurationPlatforms) = preSolution
		Debug|Any CPU = Debug|Any CPU
		Release|Any CPU = Release|Any CPU
	EndGlobalSection
	GlobalSection(ProjectConfigurationPlatforms) = postSolution
		{6A018F50-379B-42E6-923F-BC724C84E627}.Debug|Any CPU.ActiveCfg = Debug|Any CPU
		{6A018F50-379B-42E6-923F-BC724C84E627}.Debug|Any CPU.Build.0 = Debug|Any CPU
		{6A018F50-379B-42E6-923F-BC724C84E627}.Release|Any CPU.ActiveCfg = Release|Any CPU
		{6A018F50-379B-42E6-923F-BC724C84E627}.Release|Any CPU.Build.0 = Release|Any CPU
	EndGlobalSection
EndGlobal
